
Microsoft Visual Studio Solution File, Format Version 12.00
# Visual Studio Version 16
VisualStudioVersion = 16.0.30804.86
MinimumVisualStudioVersion = 10.0.40219.1
Project("{FAE04EC0-301F-11D3-BF4B-00C04F79EFBC}") = "RTWeekend", "RTWeekend\RTWeekend.csproj", "{DA687625-6909-4561-9834-2D59CEB62EAA}"
EndProject
Global
	GlobalSection(SolutionConfigurationPlatforms) = preSolution
		Debug|Any CPU = Debug|Any CPU
		Release|Any CPU = Release|Any CPU
	EndGlobalSection
	GlobalSection(ProjectConfigurationPlatforms) = postSolution
		{DA687625-6909-4561-9834-2D59CEB62EAA}.Debug|Any CPU.ActiveCfg = Debug|Any CPU
		{DA687625-6909-4561-9834-2D59CEB62EAA}.Debug|Any CPU.Build.0 = Debug|Any CPU
		{DA687625-6909-4561-9834-2D59CEB62EAA}.Release|Any CPU.ActiveCfg = Release|Any CPU
		{DA687625-6909-4561-9834-2D59CEB62EAA}.Release|Any CPU.Build.0 = Release|Any CPU
	EndGlobalSection
	GlobalSection(SolutionProperties) = preSolution
		HideSolutionNode = FALSE
	EndGlobalSection
	GlobalSection(ExtensibilityGlobals) = postSolution
		SolutionGuid = {9F45A68B-7347-4D9C-9A68-FB8B223942EC}
	EndGlobalSection
EndGlobal
